
Microsoft Visual Studio Solution File, Format Version 12.00
# Visual Studio Version 17
VisualStudioVersion = 17.5.002.0
MinimumVisualStudioVersion = 10.0.40219.1
Project("{2150E333-8FDC-42A3-9474-1A3956D46DE8}") = "src", "src", "{6E69353A-A818-4554-996D-B17C8FFCD213}"
EndProject
Project("{9A19103F-16F7-4668-BE54-9A1E7A4F7556}") = "MangoDB", "src\MangoDB\MangoDB.csproj", "{2B50356F-A1D6-4739-8798-3ABE6B685FC2}"
EndProject
Global
	GlobalSection(SolutionConfigurationPlatforms) = preSolution
		Debug|Any CPU = Debug|Any CPU
		Release|Any CPU = Release|Any CPU
	EndGlobalSection
	GlobalSection(ProjectConfigurationPlatforms) = postSolution
		{2B50356F-A1D6-4739-8798-3ABE6B685FC2}.Debug|Any CPU.ActiveCfg = Debug|Any CPU
		{2B50356F-A1D6-4739-8798-3ABE6B685FC2}.Debug|Any CPU.Build.0 = Debug|Any CPU
		{2B50356F-A1D6-4739-8798-3ABE6B685FC2}.Release|Any CPU.ActiveCfg = Release|Any CPU
		{2B50356F-A1D6-4739-8798-3ABE6B685FC2}.Release|Any CPU.Build.0 = Release|Any CPU
	EndGlobalSection
	GlobalSection(SolutionProperties) = preSolution
		HideSolutionNode = FALSE
	EndGlobalSection
	GlobalSection(NestedProjects) = preSolution
		{2B50356F-A1D6-4739-8798-3ABE6B685FC2} = {6E69353A-A818-4554-996D-B17C8FFCD213}
	EndGlobalSection
	GlobalSection(ExtensibilityGlobals) = postSolution
		SolutionGuid = {2C9433EB-97C3-4A2E-83D8-F6BECAB965BA}
	EndGlobalSection
EndGlobal
